
Microsoft Visual Studio Solution File, Format Version 12.00
# Visual Studio Version 16
VisualStudioVersion = 16.0.31112.23
MinimumVisualStudioVersion = 10.0.40219.1
Project("{FAE04EC0-301F-11D3-BF4B-00C04F79EFBC}") = "Puzzel 3", "Puzzel 3\Puzzel 3.csproj", "{3E7D19D9-70AC-46F2-9CE0-EBA3B62413F2}"
EndProject
Global
	GlobalSection(SolutionConfigurationPlatforms) = preSolution
		Debug|Any CPU = Debug|Any CPU
		Release|Any CPU = Release|Any CPU
	EndGlobalSection
	GlobalSection(ProjectConfigurationPlatforms) = postSolution
		{3E7D19D9-70AC-46F2-9CE0-EBA3B62413F2}.Debug|Any CPU.ActiveCfg = Debug|Any CPU
		{3E7D19D9-70AC-46F2-9CE0-EBA3B62413F2}.Debug|Any CPU.Build.0 = Debug|Any CPU
		{3E7D19D9-70AC-46F2-9CE0-EBA3B62413F2}.Release|Any CPU.ActiveCfg = Release|Any CPU
		{3E7D19D9-70AC-46F2-9CE0-EBA3B62413F2}.Release|Any CPU.Build.0 = Release|Any CPU
	EndGlobalSection
	GlobalSection(SolutionProperties) = preSolution
		HideSolutionNode = FALSE
	EndGlobalSection
	GlobalSection(ExtensibilityGlobals) = postSolution
		SolutionGuid = {F7C8E6E2-C764-4E06-B5EE-29ADD2796F35}
	EndGlobalSection
EndGlobal
