
Microsoft Visual Studio Solution File, Format Version 12.00
# Visual Studio Version 16
VisualStudioVersion = 16.0.31129.286
MinimumVisualStudioVersion = 10.0.40219.1
Project("{FAE04EC0-301F-11D3-BF4B-00C04F79EFBC}") = "puzzel 8", "puzzel 8\puzzel 8.csproj", "{D465ACF8-026F-481E-9369-2DB74AE906E4}"
EndProject
Global
	GlobalSection(SolutionConfigurationPlatforms) = preSolution
		Debug|Any CPU = Debug|Any CPU
		Release|Any CPU = Release|Any CPU
	EndGlobalSection
	GlobalSection(ProjectConfigurationPlatforms) = postSolution
		{D465ACF8-026F-481E-9369-2DB74AE906E4}.Debug|Any CPU.ActiveCfg = Debug|Any CPU
		{D465ACF8-026F-481E-9369-2DB74AE906E4}.Debug|Any CPU.Build.0 = Debug|Any CPU
		{D465ACF8-026F-481E-9369-2DB74AE906E4}.Release|Any CPU.ActiveCfg = Release|Any CPU
		{D465ACF8-026F-481E-9369-2DB74AE906E4}.Release|Any CPU.Build.0 = Release|Any CPU
	EndGlobalSection
	GlobalSection(SolutionProperties) = preSolution
		HideSolutionNode = FALSE
	EndGlobalSection
	GlobalSection(ExtensibilityGlobals) = postSolution
		SolutionGuid = {7597B6B1-1CC7-4D93-9E64-FFA237E3B4B6}
	EndGlobalSection
EndGlobal
