
Microsoft Visual Studio Solution File, Format Version 12.00
# Visual Studio Version 16
VisualStudioVersion = 16.0.31205.134
MinimumVisualStudioVersion = 10.0.40219.1
Project("{9A19103F-16F7-4668-BE54-9A1E7A4F7556}") = "Simpel algortime", "Simpel algortime\Simpel algortime.csproj", "{B2F8A88A-F189-40D5-942A-8E2781ED33DC}"
EndProject
Project("{9A19103F-16F7-4668-BE54-9A1E7A4F7556}") = "UnitTest", "Unit_Test\UnitTest.csproj", "{A56DE22D-C381-4DF4-BBCF-F8EC2A9EC3EA}"
EndProject
Global
	GlobalSection(SolutionConfigurationPlatforms) = preSolution
		Debug|Any CPU = Debug|Any CPU
		Release|Any CPU = Release|Any CPU
	EndGlobalSection
	GlobalSection(ProjectConfigurationPlatforms) = postSolution
		{B2F8A88A-F189-40D5-942A-8E2781ED33DC}.Debug|Any CPU.ActiveCfg = Debug|Any CPU
		{B2F8A88A-F189-40D5-942A-8E2781ED33DC}.Debug|Any CPU.Build.0 = Debug|Any CPU
		{B2F8A88A-F189-40D5-942A-8E2781ED33DC}.Release|Any CPU.ActiveCfg = Release|Any CPU
		{B2F8A88A-F189-40D5-942A-8E2781ED33DC}.Release|Any CPU.Build.0 = Release|Any CPU
		{A56DE22D-C381-4DF4-BBCF-F8EC2A9EC3EA}.Debug|Any CPU.ActiveCfg = Debug|Any CPU
		{A56DE22D-C381-4DF4-BBCF-F8EC2A9EC3EA}.Debug|Any CPU.Build.0 = Debug|Any CPU
		{A56DE22D-C381-4DF4-BBCF-F8EC2A9EC3EA}.Release|Any CPU.ActiveCfg = Release|Any CPU
		{A56DE22D-C381-4DF4-BBCF-F8EC2A9EC3EA}.Release|Any CPU.Build.0 = Release|Any CPU
	EndGlobalSection
	GlobalSection(SolutionProperties) = preSolution
		HideSolutionNode = FALSE
	EndGlobalSection
	GlobalSection(ExtensibilityGlobals) = postSolution
		SolutionGuid = {319DF2C1-132C-4C9A-B52B-C9BC9A8B10B0}
	EndGlobalSection
EndGlobal
